
Microsoft Visual Studio Solution File, Format Version 12.00
# Visual Studio Version 17
VisualStudioVersion = 17.12.35323.107
MinimumVisualStudioVersion = 10.0.40219.1
Project("{FAE04EC0-301F-11D3-BF4B-00C04F79EFBC}") = "Pokemon", "Pokemon.csproj", "{B2EC3E63-862B-4F3E-B41F-FBA591C39C68}"
EndProject
Global
	GlobalSection(SolutionConfigurationPlatforms) = preSolution
		Debug|Any CPU = Debug|Any CPU
		Release|Any CPU = Release|Any CPU
	EndGlobalSection
	GlobalSection(ProjectConfigurationPlatforms) = postSolution
		{B2EC3E63-862B-4F3E-B41F-FBA591C39C68}.Debug|Any CPU.ActiveCfg = Debug|Any CPU
		{B2EC3E63-862B-4F3E-B41F-FBA591C39C68}.Debug|Any CPU.Build.0 = Debug|Any CPU
		{B2EC3E63-862B-4F3E-B41F-FBA591C39C68}.Release|Any CPU.ActiveCfg = Release|Any CPU
		{B2EC3E63-862B-4F3E-B41F-FBA591C39C68}.Release|Any CPU.Build.0 = Release|Any CPU
	EndGlobalSection
	GlobalSection(SolutionProperties) = preSolution
		HideSolutionNode = FALSE
	EndGlobalSection
	GlobalSection(ExtensibilityGlobals) = postSolution
		SolutionGuid = {142DA012-4EB1-4253-9790-ED6A553DBDFF}
	EndGlobalSection
EndGlobal
